
Microsoft Visual Studio Solution File, Format Version 12.00
# Visual Studio Version 16
VisualStudioVersion = 16.0.28922.388
MinimumVisualStudioVersion = 10.0.40219.1
Project("{FAE04EC0-301F-11D3-BF4B-00C04F79EFBC}") = "RmaPrinterTracker", "RmaPrinterTracker\RmaPrinterTracker.csproj", "{34BA6BDA-64C1-4E64-AF56-C5EF37A80C7D}"
EndProject
Global
	GlobalSection(SolutionConfigurationPlatforms) = preSolution
		Debug|Any CPU = Debug|Any CPU
		Release|Any CPU = Release|Any CPU
	EndGlobalSection
	GlobalSection(ProjectConfigurationPlatforms) = postSolution
		{34BA6BDA-64C1-4E64-AF56-C5EF37A80C7D}.Debug|Any CPU.ActiveCfg = Debug|Any CPU
		{34BA6BDA-64C1-4E64-AF56-C5EF37A80C7D}.Debug|Any CPU.Build.0 = Debug|Any CPU
		{34BA6BDA-64C1-4E64-AF56-C5EF37A80C7D}.Release|Any CPU.ActiveCfg = Release|Any CPU
		{34BA6BDA-64C1-4E64-AF56-C5EF37A80C7D}.Release|Any CPU.Build.0 = Release|Any CPU
	EndGlobalSection
	GlobalSection(SolutionProperties) = preSolution
		HideSolutionNode = FALSE
	EndGlobalSection
	GlobalSection(ExtensibilityGlobals) = postSolution
		SolutionGuid = {EE4C2DE3-9015-440B-BAF9-590CAD8DA405}
	EndGlobalSection
EndGlobal
